{
  "requires": true,
  "lockfileVersion": 1,
  "dependencies": {
    "@next/env": {
      "version": "12.1.6",
      "resolved": "https://registry.npmjs.org/@next/env/-/env-12.1.6.tgz",
      "integrity": "sha512-Te/OBDXFSodPU6jlXYPAXpmZr/AkG6DCATAxttQxqOWaq6eDFX25Db3dK0120GZrSZmv4QCe9KsZmJKDbWs4OA=="
    },
    "@next/swc-android-arm-eabi": {
      "version": "12.1.6",
      "resolved": "https://registry.npmjs.org/@next/swc-android-arm-eabi/-/swc-android-arm-eabi-12.1.6.tgz",
      "integrity": "sha512-BxBr3QAAAXWgk/K7EedvzxJr2dE014mghBSA9iOEAv0bMgF+MRq4PoASjuHi15M2zfowpcRG8XQhMFtxftCleQ==",
      "optional": true
    },
    "@next/swc-android-arm64": {
      "version": "12.1.6",
      "resolved": "https://registry.npmjs.org/@next/swc-android-arm64/-/swc-android-arm64-12.1.6.tgz",
      "integrity": "sha512-EboEk3ROYY7U6WA2RrMt/cXXMokUTXXfnxe2+CU+DOahvbrO8QSWhlBl9I9ZbFzJx28AGB9Yo3oQHCvph/4Lew==",
      "optional": true
    },
    "@next/swc-darwin-arm64": {
      "version": "12.1.6",
      "resolved": "https://registry.npmjs.org/@next/swc-darwin-arm64/-/swc-darwin-arm64-12.1.6.tgz",
      "integrity": "sha512-P0EXU12BMSdNj1F7vdkP/VrYDuCNwBExtRPDYawgSUakzi6qP0iKJpya2BuLvNzXx+XPU49GFuDC5X+SvY0mOw==",
      "optional": true
    },
    "@next/swc-darwin-x64": {
      "version": "12.1.6",
      "resolved": "https://registry.npmjs.org/@next/swc-darwin-x64/-/swc-darwin-x64-12.1.6.tgz",
      "integrity": "sha512-9FptMnbgHJK3dRDzfTpexs9S2hGpzOQxSQbe8omz6Pcl7rnEp9x4uSEKY51ho85JCjL4d0tDLBcXEJZKKLzxNg==",
      "optional": true
    },
    "@next/swc-linux-arm-gnueabihf": {
      "version": "12.1.6",
      "resolved": "https://registry.npmjs.org/@next/swc-linux-arm-gnueabihf/-/swc-linux-arm-gnueabihf-12.1.6.tgz",
      "integrity": "sha512-PvfEa1RR55dsik/IDkCKSFkk6ODNGJqPY3ysVUZqmnWMDSuqFtf7BPWHFa/53znpvVB5XaJ5Z1/6aR5CTIqxPw==",
      "optional": true
    },
    "@next/swc-linux-arm64-gnu": {
      "version": "12.1.6",
      "resolved": "https://registry.npmjs.org/@next/swc-linux-arm64-gnu/-/swc-linux-arm64-gnu-12.1.6.tgz",
      "integrity": "sha512-53QOvX1jBbC2ctnmWHyRhMajGq7QZfl974WYlwclXarVV418X7ed7o/EzGY+YVAEKzIVaAB9JFFWGXn8WWo0gQ==",
      "optional": true
    },
    "@next/swc-linux-arm64-musl": {
      "version": "12.1.6",
      "resolved": "https://registry.npmjs.org/@next/swc-linux-arm64-musl/-/swc-linux-arm64-musl-12.1.6.tgz",
      "integrity": "sha512-CMWAkYqfGdQCS+uuMA1A2UhOfcUYeoqnTW7msLr2RyYAys15pD960hlDfq7QAi8BCAKk0sQ2rjsl0iqMyziohQ==",
      "optional": true
    },
    "@next/swc-linux-x64-gnu": {
      "version": "12.1.6",
      "resolved": "https://registry.npmjs.org/@next/swc-linux-x64-gnu/-/swc-linux-x64-gnu-12.1.6.tgz",
      "integrity": "sha512-AC7jE4Fxpn0s3ujngClIDTiEM/CQiB2N2vkcyWWn6734AmGT03Duq6RYtPMymFobDdAtZGFZd5nR95WjPzbZAQ==",
      "optional": true
    },
    "@next/swc-linux-x64-musl": {
      "version": "12.1.6",
      "resolved": "https://registry.npmjs.org/@next/swc-linux-x64-musl/-/swc-linux-x64-musl-12.1.6.tgz",
      "integrity": "sha512-c9Vjmi0EVk0Kou2qbrynskVarnFwfYIi+wKufR9Ad7/IKKuP6aEhOdZiIIdKsYWRtK2IWRF3h3YmdnEa2WLUag==",
      "optional": true
    },
    "@next/swc-win32-arm64-msvc": {
      "version": "12.1.6",
      "resolved": "https://registry.npmjs.org/@next/swc-win32-arm64-msvc/-/swc-win32-arm64-msvc-12.1.6.tgz",
      "integrity": "sha512-3UTOL/5XZSKFelM7qN0it35o3Cegm6LsyuERR3/OoqEExyj3aCk7F025b54/707HTMAnjlvQK3DzLhPu/xxO4g==",
      "optional": true
    },
    "@next/swc-win32-ia32-msvc": {
      "version": "12.1.6",
      "resolved": "https://registry.npmjs.org/@next/swc-win32-ia32-msvc/-/swc-win32-ia32-msvc-12.1.6.tgz",
      "integrity": "sha512-8ZWoj6nCq6fI1yCzKq6oK0jE6Mxlz4MrEsRyu0TwDztWQWe7rh4XXGLAa2YVPatYcHhMcUL+fQQbqd1MsgaSDA==",
      "optional": true
    },
    "@next/swc-win32-x64-msvc": {
      "version": "12.1.6",
      "resolved": "https://registry.npmjs.org/@next/swc-win32-x64-msvc/-/swc-win32-x64-msvc-12.1.6.tgz",
      "integrity": "sha512-4ZEwiRuZEicXhXqmhw3+de8Z4EpOLQj/gp+D9fFWo6ii6W1kBkNNvvEx4A90ugppu+74pT1lIJnOuz3A9oQeJA==",
      "optional": true
    },
    "@types/debug": {
      "version": "4.1.7",
      "resolved": "http://registry.m.jd.com/@types/debug/download/@types/debug-4.1.7.tgz",
      "integrity": "sha1-fMDqdhUJEkcJuLLRCQ2PbBeq24I=",
      "requires": {
        "@types/ms": "*"
      }
    },
    "@types/hast": {
      "version": "2.3.4",
      "resolved": "http://registry.m.jd.com/@types/hast/download/@types/hast-2.3.4.tgz",
      "integrity": "sha1-iqXvksEX0g2XSoK9+2pkiwjAuvw=",
      "requires": {
        "@types/unist": "*"
      }
    },
    "@types/mdast": {
      "version": "3.0.10",
      "resolved": "http://registry.m.jd.com/@types/mdast/download/@types/mdast-3.0.10.tgz",
      "integrity": "sha1-RyQkSoKkWYiEy76bz9c9/5J+6K8=",
      "requires": {
        "@types/unist": "*"
      }
    },
    "@types/mdurl": {
      "version": "1.0.2",
      "resolved": "http://registry.m.jd.com/@types/mdurl/download/@types/mdurl-1.0.2.tgz",
      "integrity": "sha1-4s6dg6YTus8oTHvn1JGUXjnh+Ok="
    },
    "@types/ms": {
      "version": "0.7.31",
      "resolved": "http://registry.m.jd.com/@types/ms/download/@types/ms-0.7.31.tgz",
      "integrity": "sha1-MbfKZAcSij0rvCf+LSGzRTl/YZc="
    },
    "@types/unist": {
      "version": "2.0.6",
      "resolved": "http://registry.m.jd.com/@types/unist/download/@types/unist-2.0.6.tgz",
      "integrity": "sha1-JQp7FsO5H2cqJFUuxkZ47rHToI0="
    },
    "argparse": {
      "version": "1.0.10",
      "resolved": "http://registry.m.jd.com/argparse/download/argparse-1.0.10.tgz",
      "integrity": "sha1-vNZ5HqWuCXJeF+WtmIE0zUCz2RE=",
      "requires": {
        "sprintf-js": "~1.0.2"
      }
    },
    "bail": {
      "version": "2.0.2",
      "resolved": "http://registry.m.jd.com/bail/download/bail-2.0.2.tgz",
      "integrity": "sha1-0m9c2P5db4MqMVF7n3w1YEC6bV0="
    },
    "caniuse-lite": {
      "version": "1.0.30001341",
      "resolved": "https://registry.npmjs.org/caniuse-lite/-/caniuse-lite-1.0.30001341.tgz",
      "integrity": "sha512-2SodVrFFtvGENGCv0ChVJIDQ0KPaS1cg7/qtfMaICgeMolDdo/Z2OD32F0Aq9yl6F4YFwGPBS5AaPqNYiW4PoA=="
    },
    "ccount": {
      "version": "2.0.1",
      "resolved": "http://registry.m.jd.com/ccount/download/ccount-2.0.1.tgz",
      "integrity": "sha1-F6O/gjAuCHDW2kOgExGovAKj7PU="
    },
    "character-entities": {
      "version": "2.0.1",
      "resolved": "http://registry.m.jd.com/character-entities/download/character-entities-2.0.1.tgz",
      "integrity": "sha1-mHJIM+HieZDe4L0PK4qFnDR2qsc="
    },
    "character-entities-html4": {
      "version": "2.1.0",
      "resolved": "http://registry.m.jd.com/character-entities-html4/download/character-entities-html4-2.1.0.tgz",
      "integrity": "sha1-HxrblAyXGksiujndymthjcblays="
    },
    "character-entities-legacy": {
      "version": "3.0.0",
      "resolved": "http://registry.m.jd.com/character-entities-legacy/download/character-entities-legacy-3.0.0.tgz",
      "integrity": "sha1-dryDqQc4kB17wiOp6TdZ/dVgEls="
    },
    "comma-separated-tokens": {
      "version": "2.0.2",
      "resolved": "http://registry.m.jd.com/comma-separated-tokens/download/comma-separated-tokens-2.0.2.tgz",
      "integrity": "sha1-1MJau2ebd1HIgL5iPBF5eA/h3Zg="
    },
    "debug": {
      "version": "4.3.4",
      "resolved": "http://registry.m.jd.com/debug/download/debug-4.3.4.tgz",
      "integrity": "sha1-Exn2V5NX8jONMzfSzdSRS7XcyGU=",
      "requires": {
        "ms": "2.1.2"
      }
    },
    "decode-named-character-reference": {
      "version": "1.0.1",
      "resolved": "http://registry.m.jd.com/decode-named-character-reference/download/decode-named-character-reference-1.0.1.tgz",
      "integrity": "sha1-V7K9kRJlnKy8RJ01d9fa244fPRs=",
      "requires": {
        "character-entities": "^2.0.0"
      }
    },
    "dequal": {
      "version": "2.0.2",
      "resolved": "http://registry.m.jd.com/dequal/download/dequal-2.0.2.tgz",
      "integrity": "sha1-hcoiAl46h+Ze91p6Q3s1KEp+MZ0="
    },
    "diff": {
      "version": "5.1.0",
      "resolved": "http://registry.m.jd.com/diff/download/diff-5.1.0.tgz",
      "integrity": "sha1-vFLSmMXqjfkZSAAiREXtQ//IfkA="
    },
    "esprima": {
      "version": "4.0.1",
      "resolved": "http://registry.m.jd.com/esprima/download/esprima-4.0.1.tgz",
      "integrity": "sha1-E7BM2z5sXRnfkatph6hpVhmwqnE="
    },
    "extend": {
      "version": "3.0.2",
      "resolved": "http://registry.m.jd.com/extend/download/extend-3.0.2.tgz",
      "integrity": "sha1-+LETa0Bx+9jrFAr/hYsQGewpFfo="
    },
    "extend-shallow": {
      "version": "2.0.1",
      "resolved": "http://registry.m.jd.com/extend-shallow/download/extend-shallow-2.0.1.tgz",
      "integrity": "sha1-Ua99YUrZqfYQ6huvu5idaxxWiQ8=",
      "requires": {
        "is-extendable": "^0.1.0"
      }
    },
    "gray-matter": {
      "version": "4.0.3",
      "resolved": "http://registry.m.jd.com/gray-matter/download/gray-matter-4.0.3.tgz",
      "integrity": "sha1-6JPAZIJd5z6h9ffYjHqfcnQoh5g=",
      "requires": {
        "js-yaml": "^3.13.1",
        "kind-of": "^6.0.2",
        "section-matter": "^1.0.0",
        "strip-bom-string": "^1.0.0"
      }
    },
    "hast-util-is-element": {
      "version": "2.1.2",
      "resolved": "http://registry.m.jd.com/hast-util-is-element/download/hast-util-is-element-2.1.2.tgz",
      "integrity": "sha1-/AsNx87ziV6Dm41ml51XsDOMaPM=",
      "requires": {
        "@types/hast": "^2.0.0",
        "@types/unist": "^2.0.0"
      }
    },
    "hast-util-sanitize": {
      "version": "4.0.0",
      "resolved": "http://registry.m.jd.com/hast-util-sanitize/download/hast-util-sanitize-4.0.0.tgz",
      "integrity": "sha1-caAsouUNBLhSpVAIRkGAcMo2T2A=",
      "requires": {
        "@types/hast": "^2.0.0"
      }
    },
    "hast-util-to-html": {
      "version": "8.0.3",
      "resolved": "http://registry.m.jd.com/hast-util-to-html/download/hast-util-to-html-8.0.3.tgz",
      "integrity": "sha1-TjdYCHLhQ+qc4NuoeRixnk6pl+M=",
      "requires": {
        "@types/hast": "^2.0.0",
        "ccount": "^2.0.0",
        "comma-separated-tokens": "^2.0.0",
        "hast-util-is-element": "^2.0.0",
        "hast-util-whitespace": "^2.0.0",
        "html-void-elements": "^2.0.0",
        "property-information": "^6.0.0",
        "space-separated-tokens": "^2.0.0",
        "stringify-entities": "^4.0.2",
        "unist-util-is": "^5.0.0"
      }
    },
    "hast-util-whitespace": {
      "version": "2.0.0",
      "resolved": "http://registry.m.jd.com/hast-util-whitespace/download/hast-util-whitespace-2.0.0.tgz",
      "integrity": "sha1-T8EIZGfMHvW6IGc8trA87DqXDxw="
    },
    "html-void-elements": {
      "version": "2.0.1",
      "resolved": "http://registry.m.jd.com/html-void-elements/download/html-void-elements-2.0.1.tgz",
      "integrity": "sha1-KUWbiwXCALbF7ph0PEG5edV3VJ8="
    },
    "is-buffer": {
      "version": "2.0.5",
      "resolved": "http://registry.m.jd.com/is-buffer/download/is-buffer-2.0.5.tgz",
      "integrity": "sha1-68JS5ADSL/jXf6CYiIIaJKZYwZE="
    },
    "is-extendable": {
      "version": "0.1.1",
      "resolved": "http://registry.m.jd.com/is-extendable/download/is-extendable-0.1.1.tgz",
      "integrity": "sha1-YrEQ4omkcUGOPsNqYX1HLjAd/Ik="
    },
    "is-plain-obj": {
      "version": "4.0.0",
      "resolved": "http://registry.m.jd.com/is-plain-obj/download/is-plain-obj-4.0.0.tgz",
      "integrity": "sha1-BsCZn9dXTt9akGulZErQ/rOoTSI="
    },
    "js-tokens": {
      "version": "4.0.0",
      "resolved": "https://registry.npmjs.org/js-tokens/-/js-tokens-4.0.0.tgz",
      "integrity": "sha512-RdJUflcE3cUzKiMqQgsCu06FPu9UdIJO0beYbPhHN4k6apgJtifcoCtT9bcxOpYBtpD2kCM6Sbzg4CausW/PKQ=="
    },
    "js-yaml": {
      "version": "3.14.1",
      "resolved": "http://registry.m.jd.com/js-yaml/download/js-yaml-3.14.1.tgz",
      "integrity": "sha1-2ugS/bOCX6MGYJqHFzg8UMNqBTc=",
      "requires": {
        "argparse": "^1.0.7",
        "esprima": "^4.0.0"
      }
    },
    "kind-of": {
      "version": "6.0.3",
      "resolved": "http://registry.m.jd.com/kind-of/download/kind-of-6.0.3.tgz",
      "integrity": "sha1-B8BQNKbDSfoG4k+jWqdttFgM5N0="
    },
    "kleur": {
      "version": "4.1.4",
      "resolved": "http://registry.m.jd.com/kleur/download/kleur-4.1.4.tgz",
      "integrity": "sha1-jCAph9fld3ZtA5qM1GGTTAHNoE0="
    },
    "longest-streak": {
      "version": "3.0.1",
      "resolved": "http://registry.m.jd.com/longest-streak/download/longest-streak-3.0.1.tgz",
      "integrity": "sha1-yXMVt6+g59lSXbmlopU2UUMr3F0="
    },
    "loose-envify": {
      "version": "1.4.0",
      "resolved": "https://registry.npmjs.org/loose-envify/-/loose-envify-1.4.0.tgz",
      "integrity": "sha512-lyuxPGr/Wfhrlem2CL/UcnUc1zcqKAImBDzukY7Y5F/yQiNdko6+fRLevlw1HgMySw7f611UIY408EtxRSoK3Q==",
      "requires": {
        "js-tokens": "^3.0.0 || ^4.0.0"
      }
    },
    "mdast-util-definitions": {
      "version": "5.1.0",
      "resolved": "http://registry.m.jd.com/mdast-util-definitions/download/mdast-util-definitions-5.1.0.tgz",
      "integrity": "sha1-ttEO8Ao8TPGR6Nml+ljX9KNm+Bc=",
      "requires": {
        "@types/mdast": "^3.0.0",
        "@types/unist": "^2.0.0",
        "unist-util-visit": "^3.0.0"
      },
      "dependencies": {
        "unist-util-visit": {
          "version": "3.1.0",
          "resolved": "http://registry.m.jd.com/unist-util-visit/download/unist-util-visit-3.1.0.tgz",
          "integrity": "sha1-lCDSheGu6TjH2ay6/I4WAYbbr3s=",
          "requires": {
            "@types/unist": "^2.0.0",
            "unist-util-is": "^5.0.0",
            "unist-util-visit-parents": "^4.0.0"
          }
        },
        "unist-util-visit-parents": {
          "version": "4.1.1",
          "resolved": "http://registry.m.jd.com/unist-util-visit-parents/download/unist-util-visit-parents-4.1.1.tgz",
          "integrity": "sha1-6DVZpK1+YEikaxvbImFPLz9HJPI=",
          "requires": {
            "@types/unist": "^2.0.0",
            "unist-util-is": "^5.0.0"
          }
        }
      }
    },
    "mdast-util-from-markdown": {
      "version": "1.2.0",
      "resolved": "http://registry.m.jd.com/mdast-util-from-markdown/download/mdast-util-from-markdown-1.2.0.tgz",
      "integrity": "sha1-hN8pJMzGyZXeweI2iysgitCnYmg=",
      "requires": {
        "@types/mdast": "^3.0.0",
        "@types/unist": "^2.0.0",
        "decode-named-character-reference": "^1.0.0",
        "mdast-util-to-string": "^3.1.0",
        "micromark": "^3.0.0",
        "micromark-util-decode-numeric-character-reference": "^1.0.0",
        "micromark-util-decode-string": "^1.0.0",
        "micromark-util-normalize-identifier": "^1.0.0",
        "micromark-util-symbol": "^1.0.0",
        "micromark-util-types": "^1.0.0",
        "unist-util-stringify-position": "^3.0.0",
        "uvu": "^0.5.0"
      }
    },
    "mdast-util-to-hast": {
      "version": "12.1.1",
      "resolved": "http://registry.m.jd.com/mdast-util-to-hast/download/mdast-util-to-hast-12.1.1.tgz",
      "integrity": "sha1-iaK7QF6vOwXri/RRV2ePNe7128o=",
      "requires": {
        "@types/hast": "^2.0.0",
        "@types/mdast": "^3.0.0",
        "@types/mdurl": "^1.0.0",
        "mdast-util-definitions": "^5.0.0",
        "mdurl": "^1.0.0",
        "micromark-util-sanitize-uri": "^1.0.0",
        "unist-builder": "^3.0.0",
        "unist-util-generated": "^2.0.0",
        "unist-util-position": "^4.0.0",
        "unist-util-visit": "^4.0.0"
      }
    },
    "mdast-util-to-markdown": {
      "version": "1.3.0",
      "resolved": "http://registry.m.jd.com/mdast-util-to-markdown/download/mdast-util-to-markdown-1.3.0.tgz",
      "integrity": "sha1-OLbNyNxBfeZCpGnE/Cq9+MkxvR4=",
      "requires": {
        "@types/mdast": "^3.0.0",
        "@types/unist": "^2.0.0",
        "longest-streak": "^3.0.0",
        "mdast-util-to-string": "^3.0.0",
        "micromark-util-decode-string": "^1.0.0",
        "unist-util-visit": "^4.0.0",
        "zwitch": "^2.0.0"
      }
    },
    "mdast-util-to-string": {
      "version": "3.1.0",
      "resolved": "http://registry.m.jd.com/mdast-util-to-string/download/mdast-util-to-string-3.1.0.tgz",
      "integrity": "sha1-VsUG0GX792lRUjXld7WiYVUtVuk="
    },
    "mdurl": {
      "version": "1.0.1",
      "resolved": "http://registry.m.jd.com/mdurl/download/mdurl-1.0.1.tgz",
      "integrity": "sha1-/oWy7HWlkDfyrf7BAP1sYBdhFS4="
    },
    "micromark": {
      "version": "3.0.10",
      "resolved": "http://registry.m.jd.com/micromark/download/micromark-3.0.10.tgz",
      "integrity": "sha1-HqwVbwOZ1Cc2RYoUsMothhkLRXw=",
      "requires": {
        "@types/debug": "^4.0.0",
        "debug": "^4.0.0",
        "decode-named-character-reference": "^1.0.0",
        "micromark-core-commonmark": "^1.0.1",
        "micromark-factory-space": "^1.0.0",
        "micromark-util-character": "^1.0.0",
        "micromark-util-chunked": "^1.0.0",
        "micromark-util-combine-extensions": "^1.0.0",
        "micromark-util-decode-numeric-character-reference": "^1.0.0",
        "micromark-util-encode": "^1.0.0",
        "micromark-util-normalize-identifier": "^1.0.0",
        "micromark-util-resolve-all": "^1.0.0",
        "micromark-util-sanitize-uri": "^1.0.0",
        "micromark-util-subtokenize": "^1.0.0",
        "micromark-util-symbol": "^1.0.0",
        "micromark-util-types": "^1.0.1",
        "uvu": "^0.5.0"
      }
    },
    "micromark-core-commonmark": {
      "version": "1.0.6",
      "resolved": "http://registry.m.jd.com/micromark-core-commonmark/download/micromark-core-commonmark-1.0.6.tgz",
      "integrity": "sha1-7f9McuWZPZNySjwgaXD1oVsFha0=",
      "requires": {
        "decode-named-character-reference": "^1.0.0",
        "micromark-factory-destination": "^1.0.0",
        "micromark-factory-label": "^1.0.0",
        "micromark-factory-space": "^1.0.0",
        "micromark-factory-title": "^1.0.0",
        "micromark-factory-whitespace": "^1.0.0",
        "micromark-util-character": "^1.0.0",
        "micromark-util-chunked": "^1.0.0",
        "micromark-util-classify-character": "^1.0.0",
        "micromark-util-html-tag-name": "^1.0.0",
        "micromark-util-normalize-identifier": "^1.0.0",
        "micromark-util-resolve-all": "^1.0.0",
        "micromark-util-subtokenize": "^1.0.0",
        "micromark-util-symbol": "^1.0.0",
        "micromark-util-types": "^1.0.1",
        "uvu": "^0.5.0"
      }
    },
    "micromark-factory-destination": {
      "version": "1.0.0",
      "resolved": "http://registry.m.jd.com/micromark-factory-destination/download/micromark-factory-destination-1.0.0.tgz",
      "integrity": "sha1-/vHLWa1Jl8SW+Ie2l3qjA0paJ34=",
      "requires": {
        "micromark-util-character": "^1.0.0",
        "micromark-util-symbol": "^1.0.0",
        "micromark-util-types": "^1.0.0"
      }
    },
    "micromark-factory-label": {
      "version": "1.0.2",
      "resolved": "http://registry.m.jd.com/micromark-factory-label/download/micromark-factory-label-1.0.2.tgz",
      "integrity": "sha1-a+JVH6jRNUL8u6xHglj7eiAEcTc=",
      "requires": {
        "micromark-util-character": "^1.0.0",
        "micromark-util-symbol": "^1.0.0",
        "micromark-util-types": "^1.0.0",
        "uvu": "^0.5.0"
      }
    },
    "micromark-factory-space": {
      "version": "1.0.0",
      "resolved": "http://registry.m.jd.com/micromark-factory-space/download/micromark-factory-space-1.0.0.tgz",
      "integrity": "sha1-zr/0mWjyuWFsD8sjnpZoXLlJdjM=",
      "requires": {
        "micromark-util-character": "^1.0.0",
        "micromark-util-types": "^1.0.0"
      }
    },
    "micromark-factory-title": {
      "version": "1.0.2",
      "resolved": "http://registry.m.jd.com/micromark-factory-title/download/micromark-factory-title-1.0.2.tgz",
      "integrity": "sha1-fgkofDdI/xaTkw8XbhxKMoOCSU8=",
      "requires": {
        "micromark-factory-space": "^1.0.0",
        "micromark-util-character": "^1.0.0",
        "micromark-util-symbol": "^1.0.0",
        "micromark-util-types": "^1.0.0",
        "uvu": "^0.5.0"
      }
    },
    "micromark-factory-whitespace": {
      "version": "1.0.0",
      "resolved": "http://registry.m.jd.com/micromark-factory-whitespace/download/micromark-factory-whitespace-1.0.0.tgz",
      "integrity": "sha1-6ZHgQ603bBulL05JhYzgeUZ4Yhw=",
      "requires": {
        "micromark-factory-space": "^1.0.0",
        "micromark-util-character": "^1.0.0",
        "micromark-util-symbol": "^1.0.0",
        "micromark-util-types": "^1.0.0"
      }
    },
    "micromark-util-character": {
      "version": "1.1.0",
      "resolved": "http://registry.m.jd.com/micromark-util-character/download/micromark-util-character-1.1.0.tgz",
      "integrity": "sha1-2XxU1XQqDZYRpoygzUEkMx8mTYY=",
      "requires": {
        "micromark-util-symbol": "^1.0.0",
        "micromark-util-types": "^1.0.0"
      }
    },
    "micromark-util-chunked": {
      "version": "1.0.0",
      "resolved": "http://registry.m.jd.com/micromark-util-chunked/download/micromark-util-chunked-1.0.0.tgz",
      "integrity": "sha1-W0DYPz1TuExMa84w7UJX6aTHnQY=",
      "requires": {
        "micromark-util-symbol": "^1.0.0"
      }
    },
    "micromark-util-classify-character": {
      "version": "1.0.0",
      "resolved": "http://registry.m.jd.com/micromark-util-classify-character/download/micromark-util-classify-character-1.0.0.tgz",
      "integrity": "sha1-y9e0R8t57mmX3SdKRvxOuAZGCiA=",
      "requires": {
        "micromark-util-character": "^1.0.0",
        "micromark-util-symbol": "^1.0.0",
        "micromark-util-types": "^1.0.0"
      }
    },
    "micromark-util-combine-extensions": {
      "version": "1.0.0",
      "resolved": "http://registry.m.jd.com/micromark-util-combine-extensions/download/micromark-util-combine-extensions-1.0.0.tgz",
      "integrity": "sha1-kUGOHnT7iT42KLjUlghWORJP89U=",
      "requires": {
        "micromark-util-chunked": "^1.0.0",
        "micromark-util-types": "^1.0.0"
      }
    },
    "micromark-util-decode-numeric-character-reference": {
      "version": "1.0.0",
      "resolved": "http://registry.m.jd.com/micromark-util-decode-numeric-character-reference/download/micromark-util-decode-numeric-character-reference-1.0.0.tgz",
      "integrity": "sha1-3MhfE7W9k/+NKGjD26KAOdSQuUY=",
      "requires": {
        "micromark-util-symbol": "^1.0.0"
      }
    },
    "micromark-util-decode-string": {
      "version": "1.0.2",
      "resolved": "http://registry.m.jd.com/micromark-util-decode-string/download/micromark-util-decode-string-1.0.2.tgz",
      "integrity": "sha1-lCJSq3p23sLb8InMMlBe4rw6zwI=",
      "requires": {
        "decode-named-character-reference": "^1.0.0",
        "micromark-util-character": "^1.0.0",
        "micromark-util-decode-numeric-character-reference": "^1.0.0",
        "micromark-util-symbol": "^1.0.0"
      }
    },
    "micromark-util-encode": {
      "version": "1.0.1",
      "resolved": "http://registry.m.jd.com/micromark-util-encode/download/micromark-util-encode-1.0.1.tgz",
      "integrity": "sha1-LBwi04AIcK13Ds5WhuvKWSA1M4M="
    },
    "micromark-util-html-tag-name": {
      "version": "1.0.0",
      "resolved": "http://registry.m.jd.com/micromark-util-html-tag-name/download/micromark-util-html-tag-name-1.0.0.tgz",
      "integrity": "sha1-dXN+kv71CvDGISvTCbxcuNvUie0="
    },
    "micromark-util-normalize-identifier": {
      "version": "1.0.0",
      "resolved": "http://registry.m.jd.com/micromark-util-normalize-identifier/download/micromark-util-normalize-identifier-1.0.0.tgz",
      "integrity": "sha1-SjU5y425VLvsUgOVK/6M7a2ueCg=",
      "requires": {
        "micromark-util-symbol": "^1.0.0"
      }
    },
    "micromark-util-resolve-all": {
      "version": "1.0.0",
      "resolved": "http://registry.m.jd.com/micromark-util-resolve-all/download/micromark-util-resolve-all-1.0.0.tgz",
      "integrity": "sha1-p8Nj9JoBYukxlgxE8xJ6tY8DHYg=",
      "requires": {
        "micromark-util-types": "^1.0.0"
      }
    },
    "micromark-util-sanitize-uri": {
      "version": "1.0.0",
      "resolved": "http://registry.m.jd.com/micromark-util-sanitize-uri/download/micromark-util-sanitize-uri-1.0.0.tgz",
      "integrity": "sha1-J9yHU5fNFRAidMbG2lWF001PErI=",
      "requires": {
        "micromark-util-character": "^1.0.0",
        "micromark-util-encode": "^1.0.0",
        "micromark-util-symbol": "^1.0.0"
      }
    },
    "micromark-util-subtokenize": {
      "version": "1.0.2",
      "resolved": "http://registry.m.jd.com/micromark-util-subtokenize/download/micromark-util-subtokenize-1.0.2.tgz",
      "integrity": "sha1-/28a9qyDb4v9v5sC9AQxdgrYkQU=",
      "requires": {
        "micromark-util-chunked": "^1.0.0",
        "micromark-util-symbol": "^1.0.0",
        "micromark-util-types": "^1.0.0",
        "uvu": "^0.5.0"
      }
    },
    "micromark-util-symbol": {
      "version": "1.0.1",
      "resolved": "http://registry.m.jd.com/micromark-util-symbol/download/micromark-util-symbol-1.0.1.tgz",
      "integrity": "sha1-uQNE22IELORU81HPC+vMCm2kkg4="
    },
    "micromark-util-types": {
      "version": "1.0.2",
      "resolved": "http://registry.m.jd.com/micromark-util-types/download/micromark-util-types-1.0.2.tgz",
      "integrity": "sha1-9CIP2zGSBYEvmcQPjIepvoPt7SA="
    },
    "mri": {
      "version": "1.2.0",
      "resolved": "http://registry.m.jd.com/mri/download/mri-1.2.0.tgz",
      "integrity": "sha1-ZyFID+wqEaSImGERWki2y+fMjws="
    },
    "ms": {
      "version": "2.1.2",
      "resolved": "http://registry.m.jd.com/ms/download/ms-2.1.2.tgz",
      "integrity": "sha1-0J0fNXtEP0kzgqjrPM0YOHKuYAk="
    },
    "nanoid": {
      "version": "3.3.4",
      "resolved": "https://registry.npmjs.org/nanoid/-/nanoid-3.3.4.tgz",
      "integrity": "sha512-MqBkQh/OHTS2egovRtLk45wEyNXwF+cokD+1YPf9u5VfJiRdAiRwB2froX5Co9Rh20xs4siNPm8naNotSD6RBw=="
    },
    "next": {
      "version": "12.1.6",
      "resolved": "https://registry.npmjs.org/next/-/next-12.1.6.tgz",
      "integrity": "sha512-cebwKxL3/DhNKfg9tPZDQmbRKjueqykHHbgaoG4VBRH3AHQJ2HO0dbKFiS1hPhe1/qgc2d/hFeadsbPicmLD+A==",
      "requires": {
        "@next/env": "12.1.6",
        "@next/swc-android-arm-eabi": "12.1.6",
        "@next/swc-android-arm64": "12.1.6",
        "@next/swc-darwin-arm64": "12.1.6",
        "@next/swc-darwin-x64": "12.1.6",
        "@next/swc-linux-arm-gnueabihf": "12.1.6",
        "@next/swc-linux-arm64-gnu": "12.1.6",
        "@next/swc-linux-arm64-musl": "12.1.6",
        "@next/swc-linux-x64-gnu": "12.1.6",
        "@next/swc-linux-x64-musl": "12.1.6",
        "@next/swc-win32-arm64-msvc": "12.1.6",
        "@next/swc-win32-ia32-msvc": "12.1.6",
        "@next/swc-win32-x64-msvc": "12.1.6",
        "caniuse-lite": "^1.0.30001332",
        "postcss": "8.4.5",
        "styled-jsx": "5.0.2"
      }
    },
    "object-assign": {
      "version": "4.1.1",
      "resolved": "https://registry.npmjs.org/object-assign/-/object-assign-4.1.1.tgz",
      "integrity": "sha1-IQmtx5ZYh8/AXLvUQsrIv7s2CGM="
    },
    "picocolors": {
      "version": "1.0.0",
      "resolved": "https://registry.npmjs.org/picocolors/-/picocolors-1.0.0.tgz",
      "integrity": "sha512-1fygroTLlHu66zi26VoTDv8yRgm0Fccecssto+MhsZ0D/DGW2sm8E8AjW7NU5VVTRt5GxbeZ5qBuJr+HyLYkjQ=="
    },
    "postcss": {
      "version": "8.4.5",
      "resolved": "https://registry.npmjs.org/postcss/-/postcss-8.4.5.tgz",
      "integrity": "sha512-jBDboWM8qpaqwkMwItqTQTiFikhs/67OYVvblFFTM7MrZjt6yMKd6r2kgXizEbTTljacm4NldIlZnhbjr84QYg==",
      "requires": {
        "nanoid": "^3.1.30",
        "picocolors": "^1.0.0",
        "source-map-js": "^1.0.1"
      }
    },
    "property-information": {
      "version": "6.1.1",
      "resolved": "http://registry.m.jd.com/property-information/download/property-information-6.1.1.tgz",
      "integrity": "sha1-XKhVEKMBlybLmv7UGXt7isWSaiI="
    },
    "react": {
      "version": "17.0.2",
      "resolved": "https://registry.npmjs.org/react/-/react-17.0.2.tgz",
      "integrity": "sha512-gnhPt75i/dq/z3/6q/0asP78D0u592D5L1pd7M8P+dck6Fu/jJeL6iVVK23fptSUZj8Vjf++7wXA8UNclGQcbA==",
      "requires": {
        "loose-envify": "^1.1.0",
        "object-assign": "^4.1.1"
      }
    },
    "react-dom": {
      "version": "17.0.2",
      "resolved": "https://registry.npmjs.org/react-dom/-/react-dom-17.0.2.tgz",
      "integrity": "sha512-s4h96KtLDUQlsENhMn1ar8t2bEa+q/YAtj8pPPdIjPDGBDIVNsrD9aXNWqspUe6AzKCIG0C1HZZLqLV7qpOBGA==",
      "requires": {
        "loose-envify": "^1.1.0",
        "object-assign": "^4.1.1",
        "scheduler": "^0.20.2"
      }
    },
    "remark": {
      "version": "14.0.2",
      "resolved": "http://registry.m.jd.com/remark/download/remark-14.0.2.tgz",
      "integrity": "sha1-Shgz90QaXCnkSze7GEP7ggeXtA8=",
      "requires": {
        "@types/mdast": "^3.0.0",
        "remark-parse": "^10.0.0",
        "remark-stringify": "^10.0.0",
        "unified": "^10.0.0"
      }
    },
    "remark-html": {
      "version": "15.0.1",
      "resolved": "http://registry.m.jd.com/remark-html/download/remark-html-15.0.1.tgz",
      "integrity": "sha1-GZzHhlbYV4NN4DBMS1Snc/MnIHg=",
      "requires": {
        "@types/mdast": "^3.0.0",
        "hast-util-sanitize": "^4.0.0",
        "hast-util-to-html": "^8.0.0",
        "mdast-util-to-hast": "^12.0.0",
        "unified": "^10.0.0"
      }
    },
    "remark-parse": {
      "version": "10.0.1",
      "resolved": "http://registry.m.jd.com/remark-parse/download/remark-parse-10.0.1.tgz",
      "integrity": "sha1-b2CuU+2/DPOOoiP+ZD22TREuB3U=",
      "requires": {
        "@types/mdast": "^3.0.0",
        "mdast-util-from-markdown": "^1.0.0",
        "unified": "^10.0.0"
      }
    },
    "remark-stringify": {
      "version": "10.0.2",
      "resolved": "http://registry.m.jd.com/remark-stringify/download/remark-stringify-10.0.2.tgz",
      "integrity": "sha1-UEFKaYP1AI655y7tBfmAWC0fadc=",
      "requires": {
        "@types/mdast": "^3.0.0",
        "mdast-util-to-markdown": "^1.0.0",
        "unified": "^10.0.0"
      }
    },
    "sade": {
      "version": "1.8.1",
      "resolved": "http://registry.m.jd.com/sade/download/sade-1.8.1.tgz",
      "integrity": "sha1-CnjoHWWNOUiHvlfSpAm/cDo7JwE=",
      "requires": {
        "mri": "^1.1.0"
      }
    },
    "scheduler": {
      "version": "0.20.2",
      "resolved": "https://registry.npmjs.org/scheduler/-/scheduler-0.20.2.tgz",
      "integrity": "sha512-2eWfGgAqqWFGqtdMmcL5zCMK1U8KlXv8SQFGglL3CEtd0aDVDWgeF/YoCmvln55m5zSk3J/20hTaSBeSObsQDQ==",
      "requires": {
        "loose-envify": "^1.1.0",
        "object-assign": "^4.1.1"
      }
    },
    "section-matter": {
      "version": "1.0.0",
      "resolved": "http://registry.m.jd.com/section-matter/download/section-matter-1.0.0.tgz",
      "integrity": "sha1-6QQZU1BngOwB1Z8pKhnHuFC4QWc=",
      "requires": {
        "extend-shallow": "^2.0.1",
        "kind-of": "^6.0.0"
      }
    },
    "source-map-js": {
      "version": "1.0.2",
      "resolved": "https://registry.npmjs.org/source-map-js/-/source-map-js-1.0.2.tgz",
      "integrity": "sha512-R0XvVJ9WusLiqTCEiGCmICCMplcCkIwwR11mOSD9CR5u+IXYdiseeEuXCVAjS54zqwkLcPNnmU4OeJ6tUrWhDw=="
    },
    "space-separated-tokens": {
      "version": "2.0.1",
      "resolved": "http://registry.m.jd.com/space-separated-tokens/download/space-separated-tokens-2.0.1.tgz",
      "integrity": "sha1-Qxk87E+4WKLOk0t/mLfywYEHCYs="
    },
    "sprintf-js": {
      "version": "1.0.3",
      "resolved": "http://registry.m.jd.com/sprintf-js/download/sprintf-js-1.0.3.tgz",
      "integrity": "sha1-BOaSb2YolTVPPdAVIDYzuFcpfiw="
    },
    "stringify-entities": {
      "version": "4.0.2",
      "resolved": "http://registry.m.jd.com/stringify-entities/download/stringify-entities-4.0.2.tgz",
      "integrity": "sha1-E9ET3HRJ3IrkyyLCiIPuP/+HU+M=",
      "requires": {
        "character-entities-html4": "^2.0.0",
        "character-entities-legacy": "^3.0.0"
      }
    },
    "strip-bom-string": {
      "version": "1.0.0",
      "resolved": "http://registry.m.jd.com/strip-bom-string/download/strip-bom-string-1.0.0.tgz",
      "integrity": "sha1-5SEekiQ2n7uB1jOi8ABE3IztrZI="
    },
    "styled-jsx": {
      "version": "5.0.2",
      "resolved": "https://registry.npmjs.org/styled-jsx/-/styled-jsx-5.0.2.tgz",
      "integrity": "sha512-LqPQrbBh3egD57NBcHET4qcgshPks+yblyhPlH2GY8oaDgKs8SK4C3dBh3oSJjgzJ3G5t1SYEZGHkP+QEpX9EQ=="
    },
    "trough": {
      "version": "2.1.0",
      "resolved": "http://registry.m.jd.com/trough/download/trough-2.1.0.tgz",
      "integrity": "sha1-D3tRGk/eZaRvGEd6s4hJsixVSHY="
    },
    "unified": {
      "version": "10.1.2",
      "resolved": "http://registry.m.jd.com/unified/download/unified-10.1.2.tgz",
      "integrity": "sha1-sdZOVdr+HwuYu2xxmIEQPs9sht8=",
      "requires": {
        "@types/unist": "^2.0.0",
        "bail": "^2.0.0",
        "extend": "^3.0.0",
        "is-buffer": "^2.0.0",
        "is-plain-obj": "^4.0.0",
        "trough": "^2.0.0",
        "vfile": "^5.0.0"
      }
    },
    "unist-builder": {
      "version": "3.0.0",
      "resolved": "http://registry.m.jd.com/unist-builder/download/unist-builder-3.0.0.tgz",
      "integrity": "sha1-couspHZ8DnhOHmS7RLWlp1MCGgQ=",
      "requires": {
        "@types/unist": "^2.0.0"
      }
    },
    "unist-util-generated": {
      "version": "2.0.0",
      "resolved": "http://registry.m.jd.com/unist-util-generated/download/unist-util-generated-2.0.0.tgz",
      "integrity": "sha1-hvr7d+ts6b+mtmPD9a1PjlamARM="
    },
    "unist-util-is": {
      "version": "5.1.1",
      "resolved": "http://registry.m.jd.com/unist-util-is/download/unist-util-is-5.1.1.tgz",
      "integrity": "sha1-6K7OCxAvqbwJew/vj4cMSW1KYjY="
    },
    "unist-util-position": {
      "version": "4.0.3",
      "resolved": "http://registry.m.jd.com/unist-util-position/download/unist-util-position-4.0.3.tgz",
      "integrity": "sha1-UpBUewFPYiLf+VxI1cPBOoj63Qc=",
      "requires": {
        "@types/unist": "^2.0.0"
      }
    },
    "unist-util-stringify-position": {
      "version": "3.0.2",
      "resolved": "http://registry.m.jd.com/unist-util-stringify-position/download/unist-util-stringify-position-3.0.2.tgz",
      "integrity": "sha1-XGqgfJCx3v/ZFTvhcNzmKKhppEc=",
      "requires": {
        "@types/unist": "^2.0.0"
      }
    },
    "unist-util-visit": {
      "version": "4.1.0",
      "resolved": "http://registry.m.jd.com/unist-util-visit/download/unist-util-visit-4.1.0.tgz",
      "integrity": "sha1-9B5Aep6U2jFZTmscmBHFGrCz2PU=",
      "requires": {
        "@types/unist": "^2.0.0",
        "unist-util-is": "^5.0.0",
        "unist-util-visit-parents": "^5.0.0"
      }
    },
    "unist-util-visit-parents": {
      "version": "5.1.0",
      "resolved": "http://registry.m.jd.com/unist-util-visit-parents/download/unist-util-visit-parents-5.1.0.tgz",
      "integrity": "sha1-RLvF0l8kEeffxc7P8S3kMpaqhSE=",
      "requires": {
        "@types/unist": "^2.0.0",
        "unist-util-is": "^5.0.0"
      }
    },
    "uvu": {
      "version": "0.5.3",
      "resolved": "http://registry.m.jd.com/uvu/download/uvu-0.5.3.tgz",
      "integrity": "sha1-PYPFvBIw8VNFGHe/x/SuojkiGa4=",
      "requires": {
        "dequal": "^2.0.0",
        "diff": "^5.0.0",
        "kleur": "^4.0.3",
        "sade": "^1.7.3"
      }
    },
    "vfile": {
      "version": "5.3.2",
      "resolved": "http://registry.m.jd.com/vfile/download/vfile-5.3.2.tgz",
      "integrity": "sha1-tJn7xQGX6lCtN0nptgvrFspbfFQ=",
      "requires": {
        "@types/unist": "^2.0.0",
        "is-buffer": "^2.0.0",
        "unist-util-stringify-position": "^3.0.0",
        "vfile-message": "^3.0.0"
      }
    },
    "vfile-message": {
      "version": "3.1.2",
      "resolved": "http://registry.m.jd.com/vfile-message/download/vfile-message-3.1.2.tgz",
      "integrity": "sha1-opCPZNnlVzFeydfqOpEPZYrAX30=",
      "requires": {
        "@types/unist": "^2.0.0",
        "unist-util-stringify-position": "^3.0.0"
      }
    },
    "zwitch": {
      "version": "2.0.2",
      "resolved": "http://registry.m.jd.com/zwitch/download/zwitch-2.0.2.tgz",
      "integrity": "sha1-kfjQ6QH/o9ZlmXVt3n9XsXyV3OE="
    }
  }
}
